// !$*UTF8*$!
{
	archiveVersion = 1;
	classes = {
	};
	objectVersion = 48;
	objects = {

/* Begin PBXBuildFile section */
		242AF9941FDC7C140053AA26 /* LoginViewController.swift in Sources */ = {isa = PBXBuildFile; fileRef = 242AF9921FDC7C140053AA26 /* LoginViewController.swift */; };
		242AF9AA1FDC7D2B0053AA26 /* Raleway-SemiBoldItalic.ttf in Resources */ = {isa = PBXBuildFile; fileRef = 242AF9991FDC7D2A0053AA26 /* Raleway-SemiBoldItalic.ttf */; };
		242AF9AB1FDC7D2B0053AA26 /* Raleway-BoldItalic.ttf in Resources */ = {isa = PBXBuildFile; fileRef = 242AF99A1FDC7D2A0053AA26 /* Raleway-BoldItalic.ttf */; };
		242AF9AC1FDC7D2B0053AA26 /* Raleway-ExtraBold.ttf in Resources */ = {isa = PBXBuildFile; fileRef = 242AF99B1FDC7D2A0053AA26 /* Raleway-ExtraBold.ttf */; };
		242AF9AD1FDC7D2B0053AA26 /* Raleway-ExtraLight.ttf in Resources */ = {isa = PBXBuildFile; fileRef = 242AF99C1FDC7D2A0053AA26 /* Raleway-ExtraLight.ttf */; };
		242AF9AE1FDC7D2B0053AA26 /* Raleway-Medium.ttf in Resources */ = {isa = PBXBuildFile; fileRef = 242AF99D1FDC7D2A0053AA26 /* Raleway-Medium.ttf */; };
		242AF9AF1FDC7D2B0053AA26 /* Raleway-ExtraLightItalic.ttf in Resources */ = {isa = PBXBuildFile; fileRef = 242AF99E1FDC7D2A0053AA26 /* Raleway-ExtraLightItalic.ttf */; };
		242AF9B01FDC7D2B0053AA26 /* Raleway-Light.ttf in Resources */ = {isa = PBXBuildFile; fileRef = 242AF99F1FDC7D2A0053AA26 /* Raleway-Light.ttf */; };
		242AF9B11FDC7D2B0053AA26 /* Raleway-SemiBold.ttf in Resources */ = {isa = PBXBuildFile; fileRef = 242AF9A01FDC7D2A0053AA26 /* Raleway-SemiBold.ttf */; };
		242AF9B21FDC7D2B0053AA26 /* Raleway-Thin.ttf in Resources */ = {isa = PBXBuildFile; fileRef = 242AF9A11FDC7D2B0053AA26 /* Raleway-Thin.ttf */; };
		242AF9B31FDC7D2B0053AA26 /* Raleway-LightItalic.ttf in Resources */ = {isa = PBXBuildFile; fileRef = 242AF9A21FDC7D2B0053AA26 /* Raleway-LightItalic.ttf */; };
		242AF9B41FDC7D2B0053AA26 /* Raleway-MediumItalic.ttf in Resources */ = {isa = PBXBuildFile; fileRef = 242AF9A31FDC7D2B0053AA26 /* Raleway-MediumItalic.ttf */; };
		242AF9B51FDC7D2B0053AA26 /* Raleway-ExtraBoldItalic.ttf in Resources */ = {isa = PBXBuildFile; fileRef = 242AF9A41FDC7D2B0053AA26 /* Raleway-ExtraBoldItalic.ttf */; };
		242AF9B61FDC7D2B0053AA26 /* Raleway-BlackItalic.ttf in Resources */ = {isa = PBXBuildFile; fileRef = 242AF9A51FDC7D2B0053AA26 /* Raleway-BlackItalic.ttf */; };
		242AF9B71FDC7D2B0053AA26 /* Raleway-Bold.ttf in Resources */ = {isa = PBXBuildFile; fileRef = 242AF9A61FDC7D2B0053AA26 /* Raleway-Bold.ttf */; };
		242AF9B81FDC7D2B0053AA26 /* Raleway-ThinItalic.ttf in Resources */ = {isa = PBXBuildFile; fileRef = 242AF9A71FDC7D2B0053AA26 /* Raleway-ThinItalic.ttf */; };
		242AF9B91FDC7D2B0053AA26 /* Raleway-Italic.ttf in Resources */ = {isa = PBXBuildFile; fileRef = 242AF9A81FDC7D2B0053AA26 /* Raleway-Italic.ttf */; };
		242AF9BA1FDC7D2B0053AA26 /* Raleway-Regular.ttf in Resources */ = {isa = PBXBuildFile; fileRef = 242AF9A91FDC7D2B0053AA26 /* Raleway-Regular.ttf */; };
		242AF9BD1FDC8C8E0053AA26 /* UIColor+HexColor.swift in Sources */ = {isa = PBXBuildFile; fileRef = 242AF9BC1FDC8C8E0053AA26 /* UIColor+HexColor.swift */; };
		242AF9BF1FDC8CB00053AA26 /* UITextField+BottomBorder.swift in Sources */ = {isa = PBXBuildFile; fileRef = 242AF9BE1FDC8CB00053AA26 /* UITextField+BottomBorder.swift */; };
		242AF9CA1FDC90750053AA26 /* SearchOffersTableViewController.swift in Sources */ = {isa = PBXBuildFile; fileRef = 242AF9C81FDC90750053AA26 /* SearchOffersTableViewController.swift */; };
		242AF9CE1FDC90A20053AA26 /* OffersTableViewCell.swift in Sources */ = {isa = PBXBuildFile; fileRef = 242AF9CC1FDC90A20053AA26 /* OffersTableViewCell.swift */; };
		242AF9D31FDCA4B20053AA26 /* SearchOfferDetailsViewController.swift in Sources */ = {isa = PBXBuildFile; fileRef = 242AF9D11FDCA4B20053AA26 /* SearchOfferDetailsViewController.swift */; };
		243A52AF1FD47F340063CD54 /* Constants.swift in Sources */ = {isa = PBXBuildFile; fileRef = 243A52AE1FD47F340063CD54 /* Constants.swift */; };
		243DA4121FD42BFF00D073C2 /* OffersService.swift in Sources */ = {isa = PBXBuildFile; fileRef = 243DA4111FD42BFF00D073C2 /* OffersService.swift */; };
		2440046C1FDD82F30032EB7E /* UserProfileViewController.swift in Sources */ = {isa = PBXBuildFile; fileRef = 2440046B1FDD82F30032EB7E /* UserProfileViewController.swift */; };
		2451B0031FDD9C8600E9BB1C /* Main.storyboard in Resources */ = {isa = PBXBuildFile; fileRef = 24847EFA1FD2EB490002B1F5 /* Main.storyboard */; };
		2451B0051FDD9CBE00E9BB1C /* FavouriteOfferDetailsViewController.swift in Sources */ = {isa = PBXBuildFile; fileRef = 2451B0041FDD9CBD00E9BB1C /* FavouriteOfferDetailsViewController.swift */; };
		2451B00B1FDDB38000E9BB1C /* OffersResponse.swift in Sources */ = {isa = PBXBuildFile; fileRef = 2451B00A1FDDB38000E9BB1C /* OffersResponse.swift */; };
		246AB52A1FEEA3CE00AB3B68 /* String+html.swift in Sources */ = {isa = PBXBuildFile; fileRef = 246AB5291FEEA3CE00AB3B68 /* String+html.swift */; };
		24847EF71FD2EB490002B1F5 /* AppDelegate.swift in Sources */ = {isa = PBXBuildFile; fileRef = 24847EF61FD2EB490002B1F5 /* AppDelegate.swift */; };
		24847EF91FD2EB490002B1F5 /* SearchViewController.swift in Sources */ = {isa = PBXBuildFile; fileRef = 24847EF81FD2EB490002B1F5 /* SearchViewController.swift */; };
		24847EFE1FD2EB490002B1F5 /* Assets.xcassets in Resources */ = {isa = PBXBuildFile; fileRef = 24847EFD1FD2EB490002B1F5 /* Assets.xcassets */; };
		24847F011FD2EB490002B1F5 /* LaunchScreen.storyboard in Resources */ = {isa = PBXBuildFile; fileRef = 24847EFF1FD2EB490002B1F5 /* LaunchScreen.storyboard */; };
		2495B6301FE183650042D25B /* LoginService.swift in Sources */ = {isa = PBXBuildFile; fileRef = 2495B62F1FE183650042D25B /* LoginService.swift */; };
		2495B6321FE183A90042D25B /* LoginResponse.swift in Sources */ = {isa = PBXBuildFile; fileRef = 2495B6311FE183A90042D25B /* LoginResponse.swift */; };
		2495B6341FE18D790042D25B /* RegistrationViewController.swift in Sources */ = {isa = PBXBuildFile; fileRef = 2495B6331FE18D790042D25B /* RegistrationViewController.swift */; };
		2495B6371FE1A1080042D25B /* SwiftMessage.swift in Sources */ = {isa = PBXBuildFile; fileRef = 2495B6361FE1A1080042D25B /* SwiftMessage.swift */; };
		2495B63B1FE1AB250042D25B /* StatusResponse.swift in Sources */ = {isa = PBXBuildFile; fileRef = 2495B63A1FE1AB250042D25B /* StatusResponse.swift */; };
		24B9B1D01FD468B000CD0392 /* Bonuses.swift in Sources */ = {isa = PBXBuildFile; fileRef = 24B9B1CF1FD468B000CD0392 /* Bonuses.swift */; };
		24B9B1D21FD468BB00CD0392 /* Equipment.swift in Sources */ = {isa = PBXBuildFile; fileRef = 24B9B1D11FD468BB00CD0392 /* Equipment.swift */; };
		24B9B1D41FD468CD00CD0392 /* OfferResponse.swift in Sources */ = {isa = PBXBuildFile; fileRef = 24B9B1D31FD468CD00CD0392 /* OfferResponse.swift */; };
		24B9B1D61FD468DB00CD0392 /* Methodology.swift in Sources */ = {isa = PBXBuildFile; fileRef = 24B9B1D51FD468DB00CD0392 /* Methodology.swift */; };
		24B9B1D81FD468E100CD0392 /* Offer.swift in Sources */ = {isa = PBXBuildFile; fileRef = 24B9B1D71FD468E100CD0392 /* Offer.swift */; };
		24B9B1DA1FD468E900CD0392 /* Specifics.swift in Sources */ = {isa = PBXBuildFile; fileRef = 24B9B1D91FD468E900CD0392 /* Specifics.swift */; };
		24C931AE1FEB09660005C7AC /* RegisterService.swift in Sources */ = {isa = PBXBuildFile; fileRef = 24C931AD1FEB09660005C7AC /* RegisterService.swift */; };
		24D894471FDD93BA00A5E09C /* FavouritesTableViewController.swift in Sources */ = {isa = PBXBuildFile; fileRef = 24D894461FDD93BA00A5E09C /* FavouritesTableViewController.swift */; };
		24D8944B1FDD95E100A5E09C /* OffersTableViewController.swift in Sources */ = {isa = PBXBuildFile; fileRef = 24D8944A1FDD95E100A5E09C /* OffersTableViewController.swift */; };
		24D8944D1FDD95FA00A5E09C /* OfferDetailsViewController.swift in Sources */ = {isa = PBXBuildFile; fileRef = 24D8944C1FDD95FA00A5E09C /* OfferDetailsViewController.swift */; };
		24DFACD31FE1B94400B21D4F /* UIViewController+DismissKeyboard.swift in Sources */ = {isa = PBXBuildFile; fileRef = 24DFACD21FE1B94400B21D4F /* UIViewController+DismissKeyboard.swift */; };
		24DFACD51FE1D26200B21D4F /* UITextField+PlaceholderColor.swift in Sources */ = {isa = PBXBuildFile; fileRef = 24DFACD41FE1D26200B21D4F /* UITextField+PlaceholderColor.swift */; };
		24DFACD71FE1D8A000B21D4F /* CompaniesService.swift in Sources */ = {isa = PBXBuildFile; fileRef = 24DFACD61FE1D8A000B21D4F /* CompaniesService.swift */; };
		24DFACD91FE1D94100B21D4F /* Company.swift in Sources */ = {isa = PBXBuildFile; fileRef = 24DFACD81FE1D94100B21D4F /* Company.swift */; };
		24DFACDB1FE1DAD600B21D4F /* CompaniesResponse.swift in Sources */ = {isa = PBXBuildFile; fileRef = 24DFACDA1FE1DAD600B21D4F /* CompaniesResponse.swift */; };
		326D61E1992C39FF9F4D61BC /* Pods_itjobs.framework in Frameworks */ = {isa = PBXBuildFile; fileRef = 787E4D8F3176B8A59CCCC805 /* Pods_itjobs.framework */; };
/* End PBXBuildFile section */

/* Begin PBXFileReference section */
		0247FD9054627C6DDE2538EE /* Pods-itjobs.release.xcconfig */ = {isa = PBXFileReference; includeInIndex = 1; lastKnownFileType = text.xcconfig; name = "Pods-itjobs.release.xcconfig"; path = "Pods/Target Support Files/Pods-itjobs/Pods-itjobs.release.xcconfig"; sourceTree = "<group>"; };
		242AF9921FDC7C140053AA26 /* LoginViewController.swift */ = {isa = PBXFileReference; lastKnownFileType = sourcecode.swift; path = LoginViewController.swift; sourceTree = "<group>"; };
		242AF9991FDC7D2A0053AA26 /* Raleway-SemiBoldItalic.ttf */ = {isa = PBXFileReference; lastKnownFileType = file; name = "Raleway-SemiBoldItalic.ttf"; path = "../../../../../../Downloads/Raleway/Raleway-SemiBoldItalic.ttf"; sourceTree = "<group>"; };
		242AF99A1FDC7D2A0053AA26 /* Raleway-BoldItalic.ttf */ = {isa = PBXFileReference; lastKnownFileType = file; name = "Raleway-BoldItalic.ttf"; path = "../../../../../../Downloads/Raleway/Raleway-BoldItalic.ttf"; sourceTree = "<group>"; };
		242AF99B1FDC7D2A0053AA26 /* Raleway-ExtraBold.ttf */ = {isa = PBXFileReference; lastKnownFileType = file; name = "Raleway-ExtraBold.ttf"; path = "../../../../../../Downloads/Raleway/Raleway-ExtraBold.ttf"; sourceTree = "<group>"; };
		242AF99C1FDC7D2A0053AA26 /* Raleway-ExtraLight.ttf */ = {isa = PBXFileReference; lastKnownFileType = file; name = "Raleway-ExtraLight.ttf"; path = "../../../../../../Downloads/Raleway/Raleway-ExtraLight.ttf"; sourceTree = "<group>"; };
		242AF99D1FDC7D2A0053AA26 /* Raleway-Medium.ttf */ = {isa = PBXFileReference; lastKnownFileType = file; name = "Raleway-Medium.ttf"; path = "../../../../../../Downloads/Raleway/Raleway-Medium.ttf"; sourceTree = "<group>"; };
		242AF99E1FDC7D2A0053AA26 /* Raleway-ExtraLightItalic.ttf */ = {isa = PBXFileReference; lastKnownFileType = file; name = "Raleway-ExtraLightItalic.ttf"; path = "../../../../../../Downloads/Raleway/Raleway-ExtraLightItalic.ttf"; sourceTree = "<group>"; };
		242AF99F1FDC7D2A0053AA26 /* Raleway-Light.ttf */ = {isa = PBXFileReference; lastKnownFileType = file; name = "Raleway-Light.ttf"; path = "../../../../../../Downloads/Raleway/Raleway-Light.ttf"; sourceTree = "<group>"; };
		242AF9A01FDC7D2A0053AA26 /* Raleway-SemiBold.ttf */ = {isa = PBXFileReference; lastKnownFileType = file; name = "Raleway-SemiBold.ttf"; path = "../../../../../../Downloads/Raleway/Raleway-SemiBold.ttf"; sourceTree = "<group>"; };
		242AF9A11FDC7D2B0053AA26 /* Raleway-Thin.ttf */ = {isa = PBXFileReference; lastKnownFileType = file; name = "Raleway-Thin.ttf"; path = "../../../../../../Downloads/Raleway/Raleway-Thin.ttf"; sourceTree = "<group>"; };
		242AF9A21FDC7D2B0053AA26 /* Raleway-LightItalic.ttf */ = {isa = PBXFileReference; lastKnownFileType = file; name = "Raleway-LightItalic.ttf"; path = "../../../../../../Downloads/Raleway/Raleway-LightItalic.ttf"; sourceTree = "<group>"; };
		242AF9A31FDC7D2B0053AA26 /* Raleway-MediumItalic.ttf */ = {isa = PBXFileReference; lastKnownFileType = file; name = "Raleway-MediumItalic.ttf"; path = "../../../../../../Downloads/Raleway/Raleway-MediumItalic.ttf"; sourceTree = "<group>"; };
		242AF9A41FDC7D2B0053AA26 /* Raleway-ExtraBoldItalic.ttf */ = {isa = PBXFileReference; lastKnownFileType = file; name = "Raleway-ExtraBoldItalic.ttf"; path = "../../../../../../Downloads/Raleway/Raleway-ExtraBoldItalic.ttf"; sourceTree = "<group>"; };
		242AF9A51FDC7D2B0053AA26 /* Raleway-BlackItalic.ttf */ = {isa = PBXFileReference; lastKnownFileType = file; name = "Raleway-BlackItalic.ttf"; path = "../../../../../../Downloads/Raleway/Raleway-BlackItalic.ttf"; sourceTree = "<group>"; };
		242AF9A61FDC7D2B0053AA26 /* Raleway-Bold.ttf */ = {isa = PBXFileReference; lastKnownFileType = file; name = "Raleway-Bold.ttf"; path = "../../../../../../Downloads/Raleway/Raleway-Bold.ttf"; sourceTree = "<group>"; };
		242AF9A71FDC7D2B0053AA26 /* Raleway-ThinItalic.ttf */ = {isa = PBXFileReference; lastKnownFileType = file; name = "Raleway-ThinItalic.ttf"; path = "../../../../../../Downloads/Raleway/Raleway-ThinItalic.ttf"; sourceTree = "<group>"; };
		242AF9A81FDC7D2B0053AA26 /* Raleway-Italic.ttf */ = {isa = PBXFileReference; lastKnownFileType = file; name = "Raleway-Italic.ttf"; path = "../../../../../../Downloads/Raleway/Raleway-Italic.ttf"; sourceTree = "<group>"; };
		242AF9A91FDC7D2B0053AA26 /* Raleway-Regular.ttf */ = {isa = PBXFileReference; lastKnownFileType = file; name = "Raleway-Regular.ttf"; path = "../../../../../../Downloads/Raleway/Raleway-Regular.ttf"; sourceTree = "<group>"; };
		242AF9BC1FDC8C8E0053AA26 /* UIColor+HexColor.swift */ = {isa = PBXFileReference; lastKnownFileType = sourcecode.swift; path = "UIColor+HexColor.swift"; sourceTree = "<group>"; };
		242AF9BE1FDC8CB00053AA26 /* UITextField+BottomBorder.swift */ = {isa = PBXFileReference; lastKnownFileType = sourcecode.swift; path = "UITextField+BottomBorder.swift"; sourceTree = "<group>"; };
		242AF9C81FDC90750053AA26 /* SearchOffersTableViewController.swift */ = {isa = PBXFileReference; lastKnownFileType = sourcecode.swift; path = SearchOffersTableViewController.swift; sourceTree = "<group>"; };
		242AF9CC1FDC90A20053AA26 /* OffersTableViewCell.swift */ = {isa = PBXFileReference; lastKnownFileType = sourcecode.swift; path = OffersTableViewCell.swift; sourceTree = "<group>"; };
		242AF9D11FDCA4B20053AA26 /* SearchOfferDetailsViewController.swift */ = {isa = PBXFileReference; lastKnownFileType = sourcecode.swift; path = SearchOfferDetailsViewController.swift; sourceTree = "<group>"; };
		243A52AE1FD47F340063CD54 /* Constants.swift */ = {isa = PBXFileReference; lastKnownFileType = sourcecode.swift; path = Constants.swift; sourceTree = "<group>"; };
		243DA4111FD42BFF00D073C2 /* OffersService.swift */ = {isa = PBXFileReference; lastKnownFileType = sourcecode.swift; path = OffersService.swift; sourceTree = "<group>"; };
		2440046B1FDD82F30032EB7E /* UserProfileViewController.swift */ = {isa = PBXFileReference; lastKnownFileType = sourcecode.swift; path = UserProfileViewController.swift; sourceTree = "<group>"; };
		2451B0041FDD9CBD00E9BB1C /* FavouriteOfferDetailsViewController.swift */ = {isa = PBXFileReference; fileEncoding = 4; lastKnownFileType = sourcecode.swift; path = FavouriteOfferDetailsViewController.swift; sourceTree = "<group>"; };
		2451B00A1FDDB38000E9BB1C /* OffersResponse.swift */ = {isa = PBXFileReference; lastKnownFileType = sourcecode.swift; path = OffersResponse.swift; sourceTree = "<group>"; };
		246AB5291FEEA3CE00AB3B68 /* String+html.swift */ = {isa = PBXFileReference; lastKnownFileType = sourcecode.swift; path = "String+html.swift"; sourceTree = "<group>"; };
		24847EF31FD2EB490002B1F5 /* itjobs.app */ = {isa = PBXFileReference; explicitFileType = wrapper.application; includeInIndex = 0; path = itjobs.app; sourceTree = BUILT_PRODUCTS_DIR; };
		24847EF61FD2EB490002B1F5 /* AppDelegate.swift */ = {isa = PBXFileReference; lastKnownFileType = sourcecode.swift; path = AppDelegate.swift; sourceTree = "<group>"; };
		24847EF81FD2EB490002B1F5 /* SearchViewController.swift */ = {isa = PBXFileReference; lastKnownFileType = sourcecode.swift; path = SearchViewController.swift; sourceTree = "<group>"; };
		24847EFB1FD2EB490002B1F5 /* Base */ = {isa = PBXFileReference; lastKnownFileType = file.storyboard; name = Base; path = Base.lproj/Main.storyboard; sourceTree = "<group>"; };
		24847EFD1FD2EB490002B1F5 /* Assets.xcassets */ = {isa = PBXFileReference; lastKnownFileType = folder.assetcatalog; path = Assets.xcassets; sourceTree = "<group>"; };
		24847F001FD2EB490002B1F5 /* Base */ = {isa = PBXFileReference; lastKnownFileType = file.storyboard; name = Base; path = Base.lproj/LaunchScreen.storyboard; sourceTree = "<group>"; };
		24847F021FD2EB490002B1F5 /* Info.plist */ = {isa = PBXFileReference; lastKnownFileType = text.plist.xml; path = Info.plist; sourceTree = "<group>"; };
		2495B62F1FE183650042D25B /* LoginService.swift */ = {isa = PBXFileReference; lastKnownFileType = sourcecode.swift; path = LoginService.swift; sourceTree = "<group>"; };
		2495B6311FE183A90042D25B /* LoginResponse.swift */ = {isa = PBXFileReference; lastKnownFileType = sourcecode.swift; path = LoginResponse.swift; sourceTree = "<group>"; };
		2495B6331FE18D790042D25B /* RegistrationViewController.swift */ = {isa = PBXFileReference; lastKnownFileType = sourcecode.swift; path = RegistrationViewController.swift; sourceTree = "<group>"; };
		2495B6361FE1A1080042D25B /* SwiftMessage.swift */ = {isa = PBXFileReference; lastKnownFileType = sourcecode.swift; path = SwiftMessage.swift; sourceTree = "<group>"; };
		2495B63A1FE1AB250042D25B /* StatusResponse.swift */ = {isa = PBXFileReference; lastKnownFileType = sourcecode.swift; path = StatusResponse.swift; sourceTree = "<group>"; };
		24B9B1CF1FD468B000CD0392 /* Bonuses.swift */ = {isa = PBXFileReference; lastKnownFileType = sourcecode.swift; path = Bonuses.swift; sourceTree = "<group>"; };
		24B9B1D11FD468BB00CD0392 /* Equipment.swift */ = {isa = PBXFileReference; lastKnownFileType = sourcecode.swift; path = Equipment.swift; sourceTree = "<group>"; };
		24B9B1D31FD468CD00CD0392 /* OfferResponse.swift */ = {isa = PBXFileReference; lastKnownFileType = sourcecode.swift; path = OfferResponse.swift; sourceTree = "<group>"; };
		24B9B1D51FD468DB00CD0392 /* Methodology.swift */ = {isa = PBXFileReference; lastKnownFileType = sourcecode.swift; path = Methodology.swift; sourceTree = "<group>"; };
		24B9B1D71FD468E100CD0392 /* Offer.swift */ = {isa = PBXFileReference; lastKnownFileType = sourcecode.swift; path = Offer.swift; sourceTree = "<group>"; };
		24B9B1D91FD468E900CD0392 /* Specifics.swift */ = {isa = PBXFileReference; lastKnownFileType = sourcecode.swift; path = Specifics.swift; sourceTree = "<group>"; };
		24C931AD1FEB09660005C7AC /* RegisterService.swift */ = {isa = PBXFileReference; lastKnownFileType = sourcecode.swift; path = RegisterService.swift; sourceTree = "<group>"; };
		24D894461FDD93BA00A5E09C /* FavouritesTableViewController.swift */ = {isa = PBXFileReference; lastKnownFileType = sourcecode.swift; path = FavouritesTableViewController.swift; sourceTree = "<group>"; };
		24D8944A1FDD95E100A5E09C /* OffersTableViewController.swift */ = {isa = PBXFileReference; lastKnownFileType = sourcecode.swift; path = OffersTableViewController.swift; sourceTree = "<group>"; };
		24D8944C1FDD95FA00A5E09C /* OfferDetailsViewController.swift */ = {isa = PBXFileReference; lastKnownFileType = sourcecode.swift; path = OfferDetailsViewController.swift; sourceTree = "<group>"; };
		24DFACD21FE1B94400B21D4F /* UIViewController+DismissKeyboard.swift */ = {isa = PBXFileReference; lastKnownFileType = sourcecode.swift; path = "UIViewController+DismissKeyboard.swift"; sourceTree = "<group>"; };
		24DFACD41FE1D26200B21D4F /* UITextField+PlaceholderColor.swift */ = {isa = PBXFileReference; lastKnownFileType = sourcecode.swift; path = "UITextField+PlaceholderColor.swift"; sourceTree = "<group>"; };
		24DFACD61FE1D8A000B21D4F /* CompaniesService.swift */ = {isa = PBXFileReference; lastKnownFileType = sourcecode.swift; path = CompaniesService.swift; sourceTree = "<group>"; };
		24DFACD81FE1D94100B21D4F /* Company.swift */ = {isa = PBXFileReference; lastKnownFileType = sourcecode.swift; path = Company.swift; sourceTree = "<group>"; };
		24DFACDA1FE1DAD600B21D4F /* CompaniesResponse.swift */ = {isa = PBXFileReference; lastKnownFileType = sourcecode.swift; path = CompaniesResponse.swift; sourceTree = "<group>"; };
		787E4D8F3176B8A59CCCC805 /* Pods_itjobs.framework */ = {isa = PBXFileReference; explicitFileType = wrapper.framework; includeInIndex = 0; path = Pods_itjobs.framework; sourceTree = BUILT_PRODUCTS_DIR; };
		87FD29C277B0E8E1A88286E3 /* Pods-itjobs.debug.xcconfig */ = {isa = PBXFileReference; includeInIndex = 1; lastKnownFileType = text.xcconfig; name = "Pods-itjobs.debug.xcconfig"; path = "Pods/Target Support Files/Pods-itjobs/Pods-itjobs.debug.xcconfig"; sourceTree = "<group>"; };
/* End PBXFileReference section */

/* Begin PBXFrameworksBuildPhase section */
		24847EF01FD2EB490002B1F5 /* Frameworks */ = {
			isa = PBXFrameworksBuildPhase;
			buildActionMask = 2147483647;
			files = (
				326D61E1992C39FF9F4D61BC /* Pods_itjobs.framework in Frameworks */,
			);
			runOnlyForDeploymentPostprocessing = 0;
		};
/* End PBXFrameworksBuildPhase section */

/* Begin PBXGroup section */
		242AF9911FDC6AB50053AA26 /* ViewControllers */ = {
			isa = PBXGroup;
			children = (
				24D894451FDD91DB00A5E09C /* Offers */,
				24D894441FDD91CF00A5E09C /* Favourites */,
				244004681FDD807A0032EB7E /* Profil */,
				244004671FDD80460032EB7E /* Start */,
			);
			path = ViewControllers;
			sourceTree = "<group>";
		};
		242AF9971FDC7CFF0053AA26 /* Resources */ = {
			isa = PBXGroup;
			children = (
				242AF9A51FDC7D2B0053AA26 /* Raleway-BlackItalic.ttf */,
				242AF9A61FDC7D2B0053AA26 /* Raleway-Bold.ttf */,
				242AF99A1FDC7D2A0053AA26 /* Raleway-BoldItalic.ttf */,
				242AF99B1FDC7D2A0053AA26 /* Raleway-ExtraBold.ttf */,
				242AF9A41FDC7D2B0053AA26 /* Raleway-ExtraBoldItalic.ttf */,
				242AF99C1FDC7D2A0053AA26 /* Raleway-ExtraLight.ttf */,
				242AF99E1FDC7D2A0053AA26 /* Raleway-ExtraLightItalic.ttf */,
				242AF9A81FDC7D2B0053AA26 /* Raleway-Italic.ttf */,
				242AF99F1FDC7D2A0053AA26 /* Raleway-Light.ttf */,
				242AF9A21FDC7D2B0053AA26 /* Raleway-LightItalic.ttf */,
				242AF99D1FDC7D2A0053AA26 /* Raleway-Medium.ttf */,
				242AF9A31FDC7D2B0053AA26 /* Raleway-MediumItalic.ttf */,
				242AF9A91FDC7D2B0053AA26 /* Raleway-Regular.ttf */,
				242AF9A01FDC7D2A0053AA26 /* Raleway-SemiBold.ttf */,
				242AF9991FDC7D2A0053AA26 /* Raleway-SemiBoldItalic.ttf */,
				242AF9A11FDC7D2B0053AA26 /* Raleway-Thin.ttf */,
				242AF9A71FDC7D2B0053AA26 /* Raleway-ThinItalic.ttf */,
			);
			path = Resources;
			sourceTree = "<group>";
		};
		242AF9BB1FDC8C300053AA26 /* Categories */ = {
			isa = PBXGroup;
			children = (
				242AF9BC1FDC8C8E0053AA26 /* UIColor+HexColor.swift */,
				242AF9BE1FDC8CB00053AA26 /* UITextField+BottomBorder.swift */,
				24DFACD21FE1B94400B21D4F /* UIViewController+DismissKeyboard.swift */,
				24DFACD41FE1D26200B21D4F /* UITextField+PlaceholderColor.swift */,
				246AB5291FEEA3CE00AB3B68 /* String+html.swift */,
			);
			path = Categories;
			sourceTree = "<group>";
		};
		242AF9D01FDC90B50053AA26 /* CustomCells */ = {
			isa = PBXGroup;
			children = (
				242AF9CC1FDC90A20053AA26 /* OffersTableViewCell.swift */,
			);
			path = CustomCells;
			sourceTree = "<group>";
		};
		244004671FDD80460032EB7E /* Start */ = {
			isa = PBXGroup;
			children = (
				24847EF81FD2EB490002B1F5 /* SearchViewController.swift */,
				242AF9C81FDC90750053AA26 /* SearchOffersTableViewController.swift */,
				242AF9D11FDCA4B20053AA26 /* SearchOfferDetailsViewController.swift */,
			);
			path = Start;
			sourceTree = "<group>";
		};
		244004681FDD807A0032EB7E /* Profil */ = {
			isa = PBXGroup;
			children = (
				242AF9921FDC7C140053AA26 /* LoginViewController.swift */,
				2440046B1FDD82F30032EB7E /* UserProfileViewController.swift */,
				2495B6331FE18D790042D25B /* RegistrationViewController.swift */,
			);
			path = Profil;
			sourceTree = "<group>";
		};
		2451B00E1FDDB3A100E9BB1C /* Responses */ = {
			isa = PBXGroup;
			children = (
				24B9B1D31FD468CD00CD0392 /* OfferResponse.swift */,
				2451B00A1FDDB38000E9BB1C /* OffersResponse.swift */,
				2495B6311FE183A90042D25B /* LoginResponse.swift */,
				2495B63A1FE1AB250042D25B /* StatusResponse.swift */,
				24DFACDA1FE1DAD600B21D4F /* CompaniesResponse.swift */,
			);
			path = Responses;
			sourceTree = "<group>";
		};
		245757421FD42E3000C9B085 /* Models */ = {
			isa = PBXGroup;
			children = (
				2451B00E1FDDB3A100E9BB1C /* Responses */,
				24B9B1CF1FD468B000CD0392 /* Bonuses.swift */,
				24B9B1D11FD468BB00CD0392 /* Equipment.swift */,
				24B9B1D51FD468DB00CD0392 /* Methodology.swift */,
				24B9B1D71FD468E100CD0392 /* Offer.swift */,
				24B9B1D91FD468E900CD0392 /* Specifics.swift */,
				24DFACD81FE1D94100B21D4F /* Company.swift */,
			);
			path = Models;
			sourceTree = "<group>";
		};
		24847EEA1FD2EB490002B1F5 = {
			isa = PBXGroup;
			children = (
				24847EF51FD2EB490002B1F5 /* itjobs */,
				24847EF41FD2EB490002B1F5 /* Products */,
				95666E5A3AC26AC0853890D7 /* Pods */,
				5342A4A561B4119F420526CC /* Frameworks */,
			);
			sourceTree = "<group>";
		};
		24847EF41FD2EB490002B1F5 /* Products */ = {
			isa = PBXGroup;
			children = (
				24847EF31FD2EB490002B1F5 /* itjobs.app */,
			);
			name = Products;
			sourceTree = "<group>";
		};
		24847EF51FD2EB490002B1F5 /* itjobs */ = {
			isa = PBXGroup;
			children = (
				2495B6351FE1A0B40042D25B /* CustomViews */,
				242AF9D01FDC90B50053AA26 /* CustomCells */,
				242AF9BB1FDC8C300053AA26 /* Categories */,
				242AF9971FDC7CFF0053AA26 /* Resources */,
				242AF9911FDC6AB50053AA26 /* ViewControllers */,
				245757421FD42E3000C9B085 /* Models */,
				24B5ED741FD32ACF002C9C86 /* Services */,
				24847EF61FD2EB490002B1F5 /* AppDelegate.swift */,
				24847EFA1FD2EB490002B1F5 /* Main.storyboard */,
				24847EFD1FD2EB490002B1F5 /* Assets.xcassets */,
				24847EFF1FD2EB490002B1F5 /* LaunchScreen.storyboard */,
				24847F021FD2EB490002B1F5 /* Info.plist */,
				243A52AE1FD47F340063CD54 /* Constants.swift */,
			);
			path = itjobs;
			sourceTree = "<group>";
		};
		2495B6351FE1A0B40042D25B /* CustomViews */ = {
			isa = PBXGroup;
			children = (
				2495B6361FE1A1080042D25B /* SwiftMessage.swift */,
			);
			path = CustomViews;
			sourceTree = "<group>";
		};
		24B5ED741FD32ACF002C9C86 /* Services */ = {
			isa = PBXGroup;
			children = (
				243DA4111FD42BFF00D073C2 /* OffersService.swift */,
				2495B62F1FE183650042D25B /* LoginService.swift */,
				24DFACD61FE1D8A000B21D4F /* CompaniesService.swift */,
				24C931AD1FEB09660005C7AC /* RegisterService.swift */,
			);
			path = Services;
			sourceTree = "<group>";
		};
		24D894441FDD91CF00A5E09C /* Favourites */ = {
			isa = PBXGroup;
			children = (
				2451B0041FDD9CBD00E9BB1C /* FavouriteOfferDetailsViewController.swift */,
				24D894461FDD93BA00A5E09C /* FavouritesTableViewController.swift */,
			);
			path = Favourites;
			sourceTree = "<group>";
		};
		24D894451FDD91DB00A5E09C /* Offers */ = {
			isa = PBXGroup;
			children = (
				24D8944A1FDD95E100A5E09C /* OffersTableViewController.swift */,
				24D8944C1FDD95FA00A5E09C /* OfferDetailsViewController.swift */,
			);
			path = Offers;
			sourceTree = "<group>";
		};
		5342A4A561B4119F420526CC /* Frameworks */ = {
			isa = PBXGroup;
			children = (
				787E4D8F3176B8A59CCCC805 /* Pods_itjobs.framework */,
			);
			name = Frameworks;
			sourceTree = "<group>";
		};
		95666E5A3AC26AC0853890D7 /* Pods */ = {
			isa = PBXGroup;
			children = (
				87FD29C277B0E8E1A88286E3 /* Pods-itjobs.debug.xcconfig */,
				0247FD9054627C6DDE2538EE /* Pods-itjobs.release.xcconfig */,
			);
			name = Pods;
			sourceTree = "<group>";
		};
/* End PBXGroup section */

/* Begin PBXNativeTarget section */
		24847EF21FD2EB490002B1F5 /* itjobs */ = {
			isa = PBXNativeTarget;
			buildConfigurationList = 24847F051FD2EB490002B1F5 /* Build configuration list for PBXNativeTarget "itjobs" */;
			buildPhases = (
				45142E8EB0FC96CEBEE59664 /* [CP] Check Pods Manifest.lock */,
				24847EEF1FD2EB490002B1F5 /* Sources */,
				24847EF01FD2EB490002B1F5 /* Frameworks */,
				24847EF11FD2EB490002B1F5 /* Resources */,
				E10E4B7A4ECC4B99CC7C5F2E /* [CP] Embed Pods Frameworks */,
				F53383F50F7DAEBE4411640C /* [CP] Copy Pods Resources */,
			);
			buildRules = (
			);
			dependencies = (
			);
			name = itjobs;
			productName = itjobs;
			productReference = 24847EF31FD2EB490002B1F5 /* itjobs.app */;
			productType = "com.apple.product-type.application";
		};
/* End PBXNativeTarget section */

/* Begin PBXProject section */
		24847EEB1FD2EB490002B1F5 /* Project object */ = {
			isa = PBXProject;
			attributes = {
				LastSwiftUpdateCheck = 0910;
				LastUpgradeCheck = 0910;
				ORGANIZATIONNAME = "Piotr Smajek";
				TargetAttributes = {
					24847EF21FD2EB490002B1F5 = {
						CreatedOnToolsVersion = 9.1;
						ProvisioningStyle = Automatic;
					};
				};
			};
			buildConfigurationList = 24847EEE1FD2EB490002B1F5 /* Build configuration list for PBXProject "itjobs" */;
			compatibilityVersion = "Xcode 8.0";
			developmentRegion = en;
			hasScannedForEncodings = 0;
			knownRegions = (
				en,
				Base,
			);
			mainGroup = 24847EEA1FD2EB490002B1F5;
			productRefGroup = 24847EF41FD2EB490002B1F5 /* Products */;
			projectDirPath = "";
			projectRoot = "";
			targets = (
				24847EF21FD2EB490002B1F5 /* itjobs */,
			);
		};
/* End PBXProject section */

/* Begin PBXResourcesBuildPhase section */
		24847EF11FD2EB490002B1F5 /* Resources */ = {
			isa = PBXResourcesBuildPhase;
			buildActionMask = 2147483647;
			files = (
				2451B0031FDD9C8600E9BB1C /* Main.storyboard in Resources */,
				242AF9B01FDC7D2B0053AA26 /* Raleway-Light.ttf in Resources */,
				242AF9B71FDC7D2B0053AA26 /* Raleway-Bold.ttf in Resources */,
				242AF9AF1FDC7D2B0053AA26 /* Raleway-ExtraLightItalic.ttf in Resources */,
				242AF9AD1FDC7D2B0053AA26 /* Raleway-ExtraLight.ttf in Resources */,
				242AF9B31FDC7D2B0053AA26 /* Raleway-LightItalic.ttf in Resources */,
				242AF9B51FDC7D2B0053AA26 /* Raleway-ExtraBoldItalic.ttf in Resources */,
				242AF9B91FDC7D2B0053AA26 /* Raleway-Italic.ttf in Resources */,
				242AF9AA1FDC7D2B0053AA26 /* Raleway-SemiBoldItalic.ttf in Resources */,
				24847F011FD2EB490002B1F5 /* LaunchScreen.storyboard in Resources */,
				242AF9BA1FDC7D2B0053AA26 /* Raleway-Regular.ttf in Resources */,
				242AF9AE1FDC7D2B0053AA26 /* Raleway-Medium.ttf in Resources */,
				242AF9AB1FDC7D2B0053AA26 /* Raleway-BoldItalic.ttf in Resources */,
				24847EFE1FD2EB490002B1F5 /* Assets.xcassets in Resources */,
				242AF9B21FDC7D2B0053AA26 /* Raleway-Thin.ttf in Resources */,
				242AF9B11FDC7D2B0053AA26 /* Raleway-SemiBold.ttf in Resources */,
				242AF9B41FDC7D2B0053AA26 /* Raleway-MediumItalic.ttf in Resources */,
				242AF9B81FDC7D2B0053AA26 /* Raleway-ThinItalic.ttf in Resources */,
				242AF9AC1FDC7D2B0053AA26 /* Raleway-ExtraBold.ttf in Resources */,
				242AF9B61FDC7D2B0053AA26 /* Raleway-BlackItalic.ttf in Resources */,
			);
			runOnlyForDeploymentPostprocessing = 0;
		};
/* End PBXResourcesBuildPhase section */

/* Begin PBXShellScriptBuildPhase section */
		45142E8EB0FC96CEBEE59664 /* [CP] Check Pods Manifest.lock */ = {
			isa = PBXShellScriptBuildPhase;
			buildActionMask = 2147483647;
			files = (
			);
			inputPaths = (
				"${PODS_PODFILE_DIR_PATH}/Podfile.lock",
				"${PODS_ROOT}/Manifest.lock",
			);
			name = "[CP] Check Pods Manifest.lock";
			outputPaths = (
				"$(DERIVED_FILE_DIR)/Pods-itjobs-checkManifestLockResult.txt",
			);
			runOnlyForDeploymentPostprocessing = 0;
			shellPath = /bin/sh;
			shellScript = "diff \"${PODS_PODFILE_DIR_PATH}/Podfile.lock\" \"${PODS_ROOT}/Manifest.lock\" > /dev/null\nif [ $? != 0 ] ; then\n    # print error to STDERR\n    echo \"error: The sandbox is not in sync with the Podfile.lock. Run 'pod install' or update your CocoaPods installation.\" >&2\n    exit 1\nfi\n# This output is used by Xcode 'outputs' to avoid re-running this script phase.\necho \"SUCCESS\" > \"${SCRIPT_OUTPUT_FILE_0}\"\n";
			showEnvVarsInLog = 0;
		};
		E10E4B7A4ECC4B99CC7C5F2E /* [CP] Embed Pods Frameworks */ = {
			isa = PBXShellScriptBuildPhase;
			buildActionMask = 2147483647;
			files = (
			);
			inputPaths = (
				"${SRCROOT}/Pods/Target Support Files/Pods-itjobs/Pods-itjobs-frameworks.sh",
				"${BUILT_PRODUCTS_DIR}/Alamofire/Alamofire.framework",
				"${BUILT_PRODUCTS_DIR}/AlamofireObjectMapper/AlamofireObjectMapper.framework",
				"${BUILT_PRODUCTS_DIR}/Kingfisher/Kingfisher.framework",
				"${BUILT_PRODUCTS_DIR}/M13Checkbox/M13Checkbox.framework",
				"${BUILT_PRODUCTS_DIR}/ObjectMapper/ObjectMapper.framework",
				"${BUILT_PRODUCTS_DIR}/PKHUD/PKHUD.framework",
				"${BUILT_PRODUCTS_DIR}/RangeSeekSlider/RangeSeekSlider.framework",
				"${BUILT_PRODUCTS_DIR}/SwiftMessages/SwiftMessages.framework",
			);
			name = "[CP] Embed Pods Frameworks";
			outputPaths = (
				"${TARGET_BUILD_DIR}/${FRAMEWORKS_FOLDER_PATH}/Alamofire.framework",
				"${TARGET_BUILD_DIR}/${FRAMEWORKS_FOLDER_PATH}/AlamofireObjectMapper.framework",
				"${TARGET_BUILD_DIR}/${FRAMEWORKS_FOLDER_PATH}/Kingfisher.framework",
				"${TARGET_BUILD_DIR}/${FRAMEWORKS_FOLDER_PATH}/M13Checkbox.framework",
				"${TARGET_BUILD_DIR}/${FRAMEWORKS_FOLDER_PATH}/ObjectMapper.framework",
				"${TARGET_BUILD_DIR}/${FRAMEWORKS_FOLDER_PATH}/PKHUD.framework",
				"${TARGET_BUILD_DIR}/${FRAMEWORKS_FOLDER_PATH}/RangeSeekSlider.framework",
				"${TARGET_BUILD_DIR}/${FRAMEWORKS_FOLDER_PATH}/SwiftMessages.framework",
			);
			runOnlyForDeploymentPostprocessing = 0;
			shellPath = /bin/sh;
			shellScript = "\"${SRCROOT}/Pods/Target Support Files/Pods-itjobs/Pods-itjobs-frameworks.sh\"\n";
			showEnvVarsInLog = 0;
		};
		F53383F50F7DAEBE4411640C /* [CP] Copy Pods Resources */ = {
			isa = PBXShellScriptBuildPhase;
			buildActionMask = 2147483647;
			files = (
			);
			inputPaths = (
			);
			name = "[CP] Copy Pods Resources";
			outputPaths = (
			);
			runOnlyForDeploymentPostprocessing = 0;
			shellPath = /bin/sh;
			shellScript = "\"${SRCROOT}/Pods/Target Support Files/Pods-itjobs/Pods-itjobs-resources.sh\"\n";
			showEnvVarsInLog = 0;
		};
/* End PBXShellScriptBuildPhase section */

/* Begin PBXSourcesBuildPhase section */
		24847EEF1FD2EB490002B1F5 /* Sources */ = {
			isa = PBXSourcesBuildPhase;
			buildActionMask = 2147483647;
			files = (
				24DFACDB1FE1DAD600B21D4F /* CompaniesResponse.swift in Sources */,
				2495B63B1FE1AB250042D25B /* StatusResponse.swift in Sources */,
				24847EF91FD2EB490002B1F5 /* SearchViewController.swift in Sources */,
				2495B6371FE1A1080042D25B /* SwiftMessage.swift in Sources */,
				242AF9BD1FDC8C8E0053AA26 /* UIColor+HexColor.swift in Sources */,
				24B9B1D01FD468B000CD0392 /* Bonuses.swift in Sources */,
				24B9B1D61FD468DB00CD0392 /* Methodology.swift in Sources */,
				242AF9D31FDCA4B20053AA26 /* SearchOfferDetailsViewController.swift in Sources */,
				24D8944B1FDD95E100A5E09C /* OffersTableViewController.swift in Sources */,
				2440046C1FDD82F30032EB7E /* UserProfileViewController.swift in Sources */,
				24B9B1D21FD468BB00CD0392 /* Equipment.swift in Sources */,
				242AF9CA1FDC90750053AA26 /* SearchOffersTableViewController.swift in Sources */,
				24B9B1D81FD468E100CD0392 /* Offer.swift in Sources */,
				2451B0051FDD9CBE00E9BB1C /* FavouriteOfferDetailsViewController.swift in Sources */,
				243A52AF1FD47F340063CD54 /* Constants.swift in Sources */,
				242AF9BF1FDC8CB00053AA26 /* UITextField+BottomBorder.swift in Sources */,
				2495B6301FE183650042D25B /* LoginService.swift in Sources */,
				2495B6341FE18D790042D25B /* RegistrationViewController.swift in Sources */,
				24C931AE1FEB09660005C7AC /* RegisterService.swift in Sources */,
				2495B6321FE183A90042D25B /* LoginResponse.swift in Sources */,
				2451B00B1FDDB38000E9BB1C /* OffersResponse.swift in Sources */,
				243DA4121FD42BFF00D073C2 /* OffersService.swift in Sources */,
				24DFACD51FE1D26200B21D4F /* UITextField+PlaceholderColor.swift in Sources */,
				24DFACD71FE1D8A000B21D4F /* CompaniesService.swift in Sources */,
				24B9B1DA1FD468E900CD0392 /* Specifics.swift in Sources */,
				242AF9CE1FDC90A20053AA26 /* OffersTableViewCell.swift in Sources */,
				24847EF71FD2EB490002B1F5 /* AppDelegate.swift in Sources */,
				24B9B1D41FD468CD00CD0392 /* OfferResponse.swift in Sources */,
				24D8944D1FDD95FA00A5E09C /* OfferDetailsViewController.swift in Sources */,
				242AF9941FDC7C140053AA26 /* LoginViewController.swift in Sources */,
				24DFACD31FE1B94400B21D4F /* UIViewController+DismissKeyboard.swift in Sources */,
				24D894471FDD93BA00A5E09C /* FavouritesTableViewController.swift in Sources */,
				24DFACD91FE1D94100B21D4F /* Company.swift in Sources */,
				246AB52A1FEEA3CE00AB3B68 /* String+html.swift in Sources */,
			);
			runOnlyForDeploymentPostprocessing = 0;
		};
/* End PBXSourcesBuildPhase section */

/* Begin PBXVariantGroup section */
		24847EFA1FD2EB490002B1F5 /* Main.storyboard */ = {
			isa = PBXVariantGroup;
			children = (
				24847EFB1FD2EB490002B1F5 /* Base */,
			);
			name = Main.storyboard;
			sourceTree = "<group>";
		};
		24847EFF1FD2EB490002B1F5 /* LaunchScreen.storyboard */ = {
			isa = PBXVariantGroup;
			children = (
				24847F001FD2EB490002B1F5 /* Base */,
			);
			name = LaunchScreen.storyboard;
			sourceTree = "<group>";
		};
/* End PBXVariantGroup section */

/* Begin XCBuildConfiguration section */
		24847F031FD2EB490002B1F5 /* Debug */ = {
			isa = XCBuildConfiguration;
			buildSettings = {
				ALWAYS_SEARCH_USER_PATHS = NO;
				CLANG_ANALYZER_NONNULL = YES;
				CLANG_ANALYZER_NUMBER_OBJECT_CONVERSION = YES_AGGRESSIVE;
				CLANG_CXX_LANGUAGE_STANDARD = "gnu++14";
				CLANG_CXX_LIBRARY = "libc++";
				CLANG_ENABLE_MODULES = YES;
				CLANG_ENABLE_OBJC_ARC = YES;
				CLANG_WARN_BLOCK_CAPTURE_AUTORELEASING = YES;
				CLANG_WARN_BOOL_CONVERSION = YES;
				CLANG_WARN_COMMA = YES;
				CLANG_WARN_CONSTANT_CONVERSION = YES;
				CLANG_WARN_DIRECT_OBJC_ISA_USAGE = YES_ERROR;
				CLANG_WARN_DOCUMENTATION_COMMENTS = YES;
				CLANG_WARN_EMPTY_BODY = YES;
				CLANG_WARN_ENUM_CONVERSION = YES;
				CLANG_WARN_INFINITE_RECURSION = YES;
				CLANG_WARN_INT_CONVERSION = YES;
				CLANG_WARN_NON_LITERAL_NULL_CONVERSION = YES;
				CLANG_WARN_OBJC_LITERAL_CONVERSION = YES;
				CLANG_WARN_OBJC_ROOT_CLASS = YES_ERROR;
				CLANG_WARN_RANGE_LOOP_ANALYSIS = YES;
				CLANG_WARN_STRICT_PROTOTYPES = YES;
				CLANG_WARN_SUSPICIOUS_MOVE = YES;
				CLANG_WARN_UNGUARDED_AVAILABILITY = YES_AGGRESSIVE;
				CLANG_WARN_UNREACHABLE_CODE = YES;
				CLANG_WARN__DUPLICATE_METHOD_MATCH = YES;
				CODE_SIGN_IDENTITY = "iPhone Developer";
				COPY_PHASE_STRIP = NO;
				DEBUG_INFORMATION_FORMAT = dwarf;
				ENABLE_STRICT_OBJC_MSGSEND = YES;
				ENABLE_TESTABILITY = YES;
				GCC_C_LANGUAGE_STANDARD = gnu11;
				GCC_DYNAMIC_NO_PIC = NO;
				GCC_NO_COMMON_BLOCKS = YES;
				GCC_OPTIMIZATION_LEVEL = 0;
				GCC_PREPROCESSOR_DEFINITIONS = (
					"DEBUG=1",
					"$(inherited)",
				);
				GCC_WARN_64_TO_32_BIT_CONVERSION = YES;
				GCC_WARN_ABOUT_RETURN_TYPE = YES_ERROR;
				GCC_WARN_UNDECLARED_SELECTOR = YES;
				GCC_WARN_UNINITIALIZED_AUTOS = YES_AGGRESSIVE;
				GCC_WARN_UNUSED_FUNCTION = YES;
				GCC_WARN_UNUSED_VARIABLE = YES;
				IPHONEOS_DEPLOYMENT_TARGET = 11.1;
				MTL_ENABLE_DEBUG_INFO = YES;
				ONLY_ACTIVE_ARCH = YES;
				SDKROOT = iphoneos;
				SWIFT_ACTIVE_COMPILATION_CONDITIONS = DEBUG;
				SWIFT_OPTIMIZATION_LEVEL = "-Onone";
			};
			name = Debug;
		};
		24847F041FD2EB490002B1F5 /* Release */ = {
			isa = XCBuildConfiguration;
			buildSettings = {
				ALWAYS_SEARCH_USER_PATHS = NO;
				CLANG_ANALYZER_NONNULL = YES;
				CLANG_ANALYZER_NUMBER_OBJECT_CONVERSION = YES_AGGRESSIVE;
				CLANG_CXX_LANGUAGE_STANDARD = "gnu++14";
				CLANG_CXX_LIBRARY = "libc++";
				CLANG_ENABLE_MODULES = YES;
				CLANG_ENABLE_OBJC_ARC = YES;
				CLANG_WARN_BLOCK_CAPTURE_AUTORELEASING = YES;
				CLANG_WARN_BOOL_CONVERSION = YES;
				CLANG_WARN_COMMA = YES;
				CLANG_WARN_CONSTANT_CONVERSION = YES;
				CLANG_WARN_DIRECT_OBJC_ISA_USAGE = YES_ERROR;
				CLANG_WARN_DOCUMENTATION_COMMENTS = YES;
				CLANG_WARN_EMPTY_BODY = YES;
				CLANG_WARN_ENUM_CONVERSION = YES;
				CLANG_WARN_INFINITE_RECURSION = YES;
				CLANG_WARN_INT_CONVERSION = YES;
				CLANG_WARN_NON_LITERAL_NULL_CONVERSION = YES;
				CLANG_WARN_OBJC_LITERAL_CONVERSION = YES;
				CLANG_WARN_OBJC_ROOT_CLASS = YES_ERROR;
				CLANG_WARN_RANGE_LOOP_ANALYSIS = YES;
				CLANG_WARN_STRICT_PROTOTYPES = YES;
				CLANG_WARN_SUSPICIOUS_MOVE = YES;
				CLANG_WARN_UNGUARDED_AVAILABILITY = YES_AGGRESSIVE;
				CLANG_WARN_UNREACHABLE_CODE = YES;
				CLANG_WARN__DUPLICATE_METHOD_MATCH = YES;
				CODE_SIGN_IDENTITY = "iPhone Developer";
				COPY_PHASE_STRIP = NO;
				DEBUG_INFORMATION_FORMAT = "dwarf-with-dsym";
				ENABLE_NS_ASSERTIONS = NO;
				ENABLE_STRICT_OBJC_MSGSEND = YES;
				GCC_C_LANGUAGE_STANDARD = gnu11;
				GCC_NO_COMMON_BLOCKS = YES;
				GCC_WARN_64_TO_32_BIT_CONVERSION = YES;
				GCC_WARN_ABOUT_RETURN_TYPE = YES_ERROR;
				GCC_WARN_UNDECLARED_SELECTOR = YES;
				GCC_WARN_UNINITIALIZED_AUTOS = YES_AGGRESSIVE;
				GCC_WARN_UNUSED_FUNCTION = YES;
				GCC_WARN_UNUSED_VARIABLE = YES;
				IPHONEOS_DEPLOYMENT_TARGET = 11.1;
				MTL_ENABLE_DEBUG_INFO = NO;
				SDKROOT = iphoneos;
				SWIFT_OPTIMIZATION_LEVEL = "-Owholemodule";
				VALIDATE_PRODUCT = YES;
			};
			name = Release;
		};
		24847F061FD2EB490002B1F5 /* Debug */ = {
			isa = XCBuildConfiguration;
			baseConfigurationReference = 87FD29C277B0E8E1A88286E3 /* Pods-itjobs.debug.xcconfig */;
			buildSettings = {
				ASSETCATALOG_COMPILER_APPICON_NAME = AppIcon;
				CODE_SIGN_STYLE = Automatic;
				DEVELOPMENT_TEAM = 7X3969VR4Q;
				INFOPLIST_FILE = itjobs/Info.plist;
				LD_RUNPATH_SEARCH_PATHS = "$(inherited) @executable_path/Frameworks";
				PRODUCT_BUNDLE_IDENTIFIER = pl.smajek.itjobs;
				PRODUCT_NAME = "$(TARGET_NAME)";
				SWIFT_VERSION = 4.0;
				TARGETED_DEVICE_FAMILY = 1;
			};
			name = Debug;
		};
		24847F071FD2EB490002B1F5 /* Release */ = {
			isa = XCBuildConfiguration;
			baseConfigurationReference = 0247FD9054627C6DDE2538EE /* Pods-itjobs.release.xcconfig */;
			buildSettings = {
				ASSETCATALOG_COMPILER_APPICON_NAME = AppIcon;
				CODE_SIGN_STYLE = Automatic;
				DEVELOPMENT_TEAM = 7X3969VR4Q;
				INFOPLIST_FILE = itjobs/Info.plist;
				LD_RUNPATH_SEARCH_PATHS = "$(inherited) @executable_path/Frameworks";
				PRODUCT_BUNDLE_IDENTIFIER = pl.smajek.itjobs;
				PRODUCT_NAME = "$(TARGET_NAME)";
				SWIFT_VERSION = 4.0;
				TARGETED_DEVICE_FAMILY = 1;
			};
			name = Release;
		};
/* End XCBuildConfiguration section */

/* Begin XCConfigurationList section */
		24847EEE1FD2EB490002B1F5 /* Build configuration list for PBXProject "itjobs" */ = {
			isa = XCConfigurationList;
			buildConfigurations = (
				24847F031FD2EB490002B1F5 /* Debug */,
				24847F041FD2EB490002B1F5 /* Release */,
			);
			defaultConfigurationIsVisible = 0;
			defaultConfigurationName = Release;
		};
		24847F051FD2EB490002B1F5 /* Build configuration list for PBXNativeTarget "itjobs" */ = {
			isa = XCConfigurationList;
			buildConfigurations = (
				24847F061FD2EB490002B1F5 /* Debug */,
				24847F071FD2EB490002B1F5 /* Release */,
			);
			defaultConfigurationIsVisible = 0;
			defaultConfigurationName = Release;
		};
/* End XCConfigurationList section */
	};
	rootObject = 24847EEB1FD2EB490002B1F5 /* Project object */;
}
